
Microsoft Visual Studio Solution File, Format Version 12.00
# Visual Studio 15
VisualStudioVersion = 15.0.28307.271
MinimumVisualStudioVersion = 10.0.40219.1
Project("{FAE04EC0-301F-11D3-BF4B-00C04F79EFBC}") = "Calculator", "Calculator\Calculator.csproj", "{2AF4340D-3AD6-4039-A726-06A8033ACFB7}"
EndProject
Global
	GlobalSection(SolutionConfigurationPlatforms) = preSolution
		Debug|Any CPU = Debug|Any CPU
		Release|Any CPU = Release|Any CPU
	EndGlobalSection
	GlobalSection(ProjectConfigurationPlatforms) = postSolution
		{2AF4340D-3AD6-4039-A726-06A8033ACFB7}.Debug|Any CPU.ActiveCfg = Debug|Any CPU
		{2AF4340D-3AD6-4039-A726-06A8033ACFB7}.Debug|Any CPU.Build.0 = Debug|Any CPU
		{2AF4340D-3AD6-4039-A726-06A8033ACFB7}.Release|Any CPU.ActiveCfg = Release|Any CPU
		{2AF4340D-3AD6-4039-A726-06A8033ACFB7}.Release|Any CPU.Build.0 = Release|Any CPU
	EndGlobalSection
	GlobalSection(SolutionProperties) = preSolution
		HideSolutionNode = FALSE
	EndGlobalSection
	GlobalSection(ExtensibilityGlobals) = postSolution
		SolutionGuid = {ECE62E54-A6E9-4C5A-ACBB-8D06CB16E77E}
	EndGlobalSection
EndGlobal
